
Microsoft Visual Studio Solution File, Format Version 12.00
# Visual Studio Version 17
VisualStudioVersion = 17.5.33502.453
MinimumVisualStudioVersion = 10.0.40219.1
Project("{FAE04EC0-301F-11D3-BF4B-00C04F79EFBC}") = "ExtRSNET48.Tests", "ExtRSNET48.Tests\ExtRSNET48.Tests.csproj", "{707203F5-9333-4E53-9C77-93C27FD597BD}"
	ProjectSection(ProjectDependencies) = postProject
		{4A40341F-DE2C-418C-BBF5-055A7B5BC87B} = {4A40341F-DE2C-418C-BBF5-055A7B5BC87B}
	EndProjectSection
EndProject
Project("{FAE04EC0-301F-11D3-BF4B-00C04F79EFBC}") = "ExtRSNET48", "ExtRSNET48\ExtRSNET48.csproj", "{4A40341F-DE2C-418C-BBF5-055A7B5BC87B}"
EndProject
Project("{F14B399A-7131-4C87-9E4B-1186C45EF12D}") = "ExtensionMethodExamples", "ExtRSNET48Examples\ExtensionMethodExamples.rptproj", "{C96BE059-F03E-4EF0-BB5D-CFB3A93AE396}"
EndProject
Global
	GlobalSection(SolutionConfigurationPlatforms) = preSolution
		Debug|Any CPU = Debug|Any CPU
		DebugLocal|Any CPU = DebugLocal|Any CPU
		Release|Any CPU = Release|Any CPU
	EndGlobalSection
	GlobalSection(ProjectConfigurationPlatforms) = postSolution
		{707203F5-9333-4E53-9C77-93C27FD597BD}.Debug|Any CPU.ActiveCfg = Debug|Any CPU
		{707203F5-9333-4E53-9C77-93C27FD597BD}.Debug|Any CPU.Build.0 = Debug|Any CPU
		{707203F5-9333-4E53-9C77-93C27FD597BD}.DebugLocal|Any CPU.ActiveCfg = Debug|Any CPU
		{707203F5-9333-4E53-9C77-93C27FD597BD}.DebugLocal|Any CPU.Build.0 = Debug|Any CPU
		{707203F5-9333-4E53-9C77-93C27FD597BD}.Release|Any CPU.ActiveCfg = Release|Any CPU
		{707203F5-9333-4E53-9C77-93C27FD597BD}.Release|Any CPU.Build.0 = Release|Any CPU
		{4A40341F-DE2C-418C-BBF5-055A7B5BC87B}.Debug|Any CPU.ActiveCfg = Debug|Any CPU
		{4A40341F-DE2C-418C-BBF5-055A7B5BC87B}.Debug|Any CPU.Build.0 = Debug|Any CPU
		{4A40341F-DE2C-418C-BBF5-055A7B5BC87B}.DebugLocal|Any CPU.ActiveCfg = Debug|Any CPU
		{4A40341F-DE2C-418C-BBF5-055A7B5BC87B}.DebugLocal|Any CPU.Build.0 = Debug|Any CPU
		{4A40341F-DE2C-418C-BBF5-055A7B5BC87B}.Release|Any CPU.ActiveCfg = Release|Any CPU
		{4A40341F-DE2C-418C-BBF5-055A7B5BC87B}.Release|Any CPU.Build.0 = Release|Any CPU
		{C96BE059-F03E-4EF0-BB5D-CFB3A93AE396}.Debug|Any CPU.ActiveCfg = Debug
		{C96BE059-F03E-4EF0-BB5D-CFB3A93AE396}.Debug|Any CPU.Build.0 = Debug
		{C96BE059-F03E-4EF0-BB5D-CFB3A93AE396}.Debug|Any CPU.Deploy.0 = Debug
		{C96BE059-F03E-4EF0-BB5D-CFB3A93AE396}.DebugLocal|Any CPU.ActiveCfg = DebugLocal
		{C96BE059-F03E-4EF0-BB5D-CFB3A93AE396}.DebugLocal|Any CPU.Build.0 = DebugLocal
		{C96BE059-F03E-4EF0-BB5D-CFB3A93AE396}.DebugLocal|Any CPU.Deploy.0 = DebugLocal
		{C96BE059-F03E-4EF0-BB5D-CFB3A93AE396}.Release|Any CPU.ActiveCfg = Release
		{C96BE059-F03E-4EF0-BB5D-CFB3A93AE396}.Release|Any CPU.Build.0 = Release
		{C96BE059-F03E-4EF0-BB5D-CFB3A93AE396}.Release|Any CPU.Deploy.0 = Release
	EndGlobalSection
	GlobalSection(SolutionProperties) = preSolution
		HideSolutionNode = FALSE
	EndGlobalSection
	GlobalSection(ExtensibilityGlobals) = postSolution
		SolutionGuid = {A79009A9-A3C8-4D3F-9F05-411E627EF416}
	EndGlobalSection
EndGlobal
